// !$*UTF8*$!
{
	archiveVersion = 1;
	classes = {
	};
	objectVersion = 52;
	objects = {

/* Begin PBXBuildFile section */
		203A7F1D254049800006DA51 /* VSSGraphQLClient in Frameworks */ = {isa = PBXBuildFile; productRef = 203A7F1C254049800006DA51 /* VSSGraphQLClient */; };
		205417CC2524CC7C00B3AD76 /* URLChangingView.swift in Sources */ = {isa = PBXBuildFile; fileRef = 205417CB2524CC7C00B3AD76 /* URLChangingView.swift */; };
		205417D02524D20200B3AD76 /* VisualEffectView.swift in Sources */ = {isa = PBXBuildFile; fileRef = 205417CF2524D20200B3AD76 /* VisualEffectView.swift */; };
		205C980A25249EB20010D891 /* ResponseProperty.swift in Sources */ = {isa = PBXBuildFile; fileRef = 205C980925249EB20010D891 /* ResponseProperty.swift */; };
		205C981A2524A0670010D891 /* MainTable.swift in Sources */ = {isa = PBXBuildFile; fileRef = 205C98192524A0670010D891 /* MainTable.swift */; };
		205C981D2524A0910010D891 /* MenuButton.swift in Sources */ = {isa = PBXBuildFile; fileRef = 205C981C2524A0910010D891 /* MenuButton.swift */; };
		205C98202524A0A20010D891 /* SendButton.swift in Sources */ = {isa = PBXBuildFile; fileRef = 205C981F2524A0A20010D891 /* SendButton.swift */; };
		205C98232524A0B80010D891 /* TableRow.swift in Sources */ = {isa = PBXBuildFile; fileRef = 205C98222524A0B80010D891 /* TableRow.swift */; };
		20AE948525247443005701B7 /* AppContext.swift in Sources */ = {isa = PBXBuildFile; fileRef = 20AE948425247443005701B7 /* AppContext.swift */; };
		20AE948B25247486005701B7 /* TableRowModelState.swift in Sources */ = {isa = PBXBuildFile; fileRef = 20AE948A25247486005701B7 /* TableRowModelState.swift */; };
		20AE948E2524749A005701B7 /* TableRowModel.swift in Sources */ = {isa = PBXBuildFile; fileRef = 20AE948D2524749A005701B7 /* TableRowModel.swift */; };
		20AE94932524753A005701B7 /* MainView.swift in Sources */ = {isa = PBXBuildFile; fileRef = 20AE94922524753A005701B7 /* MainView.swift */; };
		20AE949A25247581005701B7 /* Color+Extensions.swift in Sources */ = {isa = PBXBuildFile; fileRef = 20AE949925247581005701B7 /* Color+Extensions.swift */; };
		20BFD5922518A3E400547C66 /* App.swift in Sources */ = {isa = PBXBuildFile; fileRef = 20BFD5912518A3E400547C66 /* App.swift */; };
		20BFD5962518A3E500547C66 /* Assets.xcassets in Resources */ = {isa = PBXBuildFile; fileRef = 20BFD5952518A3E500547C66 /* Assets.xcassets */; };
		20BFD5992518A3E500547C66 /* Preview Assets.xcassets in Resources */ = {isa = PBXBuildFile; fileRef = 20BFD5982518A3E500547C66 /* Preview Assets.xcassets */; };
/* End PBXBuildFile section */

/* Begin PBXFileReference section */
		205417CB2524CC7C00B3AD76 /* URLChangingView.swift */ = {isa = PBXFileReference; lastKnownFileType = sourcecode.swift; path = URLChangingView.swift; sourceTree = "<group>"; };
		205417CF2524D20200B3AD76 /* VisualEffectView.swift */ = {isa = PBXFileReference; lastKnownFileType = sourcecode.swift; path = VisualEffectView.swift; sourceTree = "<group>"; };
		205C980925249EB20010D891 /* ResponseProperty.swift */ = {isa = PBXFileReference; lastKnownFileType = sourcecode.swift; path = ResponseProperty.swift; sourceTree = "<group>"; };
		205C98192524A0670010D891 /* MainTable.swift */ = {isa = PBXFileReference; lastKnownFileType = sourcecode.swift; path = MainTable.swift; sourceTree = "<group>"; };
		205C981C2524A0910010D891 /* MenuButton.swift */ = {isa = PBXFileReference; lastKnownFileType = sourcecode.swift; path = MenuButton.swift; sourceTree = "<group>"; };
		205C981F2524A0A20010D891 /* SendButton.swift */ = {isa = PBXFileReference; lastKnownFileType = sourcecode.swift; path = SendButton.swift; sourceTree = "<group>"; };
		205C98222524A0B80010D891 /* TableRow.swift */ = {isa = PBXFileReference; lastKnownFileType = sourcecode.swift; path = TableRow.swift; sourceTree = "<group>"; };
		20AE948425247443005701B7 /* AppContext.swift */ = {isa = PBXFileReference; lastKnownFileType = sourcecode.swift; path = AppContext.swift; sourceTree = "<group>"; };
		20AE948A25247486005701B7 /* TableRowModelState.swift */ = {isa = PBXFileReference; lastKnownFileType = sourcecode.swift; path = TableRowModelState.swift; sourceTree = "<group>"; };
		20AE948D2524749A005701B7 /* TableRowModel.swift */ = {isa = PBXFileReference; lastKnownFileType = sourcecode.swift; path = TableRowModel.swift; sourceTree = "<group>"; };
		20AE94922524753A005701B7 /* MainView.swift */ = {isa = PBXFileReference; lastKnownFileType = sourcecode.swift; path = MainView.swift; sourceTree = "<group>"; };
		20AE949925247581005701B7 /* Color+Extensions.swift */ = {isa = PBXFileReference; lastKnownFileType = sourcecode.swift; path = "Color+Extensions.swift"; sourceTree = "<group>"; };
		20BFD58E2518A3E400547C66 /* VSS GraphQL Demo.app */ = {isa = PBXFileReference; explicitFileType = wrapper.application; includeInIndex = 0; path = "VSS GraphQL Demo.app"; sourceTree = BUILT_PRODUCTS_DIR; };
		20BFD5912518A3E400547C66 /* App.swift */ = {isa = PBXFileReference; lastKnownFileType = sourcecode.swift; path = App.swift; sourceTree = "<group>"; };
		20BFD5952518A3E500547C66 /* Assets.xcassets */ = {isa = PBXFileReference; lastKnownFileType = folder.assetcatalog; path = Assets.xcassets; sourceTree = "<group>"; };
		20BFD5982518A3E500547C66 /* Preview Assets.xcassets */ = {isa = PBXFileReference; lastKnownFileType = folder.assetcatalog; path = "Preview Assets.xcassets"; sourceTree = "<group>"; };
		20BFD59A2518A3E500547C66 /* Info.plist */ = {isa = PBXFileReference; lastKnownFileType = text.plist.xml; path = Info.plist; sourceTree = "<group>"; };
		20BFD5AB2518A85000547C66 /* VSS GraphQL Demo.entitlements */ = {isa = PBXFileReference; lastKnownFileType = text.plist.entitlements; path = "VSS GraphQL Demo.entitlements"; sourceTree = "<group>"; };
/* End PBXFileReference section */

/* Begin PBXFrameworksBuildPhase section */
		20BFD58B2518A3E400547C66 /* Frameworks */ = {
			isa = PBXFrameworksBuildPhase;
			buildActionMask = 2147483647;
			files = (
				203A7F1D254049800006DA51 /* VSSGraphQLClient in Frameworks */,
			);
			runOnlyForDeploymentPostprocessing = 0;
		};
/* End PBXFrameworksBuildPhase section */

/* Begin PBXGroup section */
		205C981025249FC70010D891 /* Extensions */ = {
			isa = PBXGroup;
			children = (
				20AE949925247581005701B7 /* Color+Extensions.swift */,
			);
			path = Extensions;
			sourceTree = "<group>";
		};
		205C981225249FDA0010D891 /* Assets */ = {
			isa = PBXGroup;
			children = (
				20BFD5952518A3E500547C66 /* Assets.xcassets */,
				20BFD59A2518A3E500547C66 /* Info.plist */,
				20BFD5AB2518A85000547C66 /* VSS GraphQL Demo.entitlements */,
				20BFD5972518A3E500547C66 /* Preview Content */,
			);
			path = Assets;
			sourceTree = "<group>";
		};
		205C98172524A0540010D891 /* Views */ = {
			isa = PBXGroup;
			children = (
				205C98192524A0670010D891 /* MainTable.swift */,
				20AE94922524753A005701B7 /* MainView.swift */,
				205C981C2524A0910010D891 /* MenuButton.swift */,
				205C981F2524A0A20010D891 /* SendButton.swift */,
				205C98222524A0B80010D891 /* TableRow.swift */,
				205417CB2524CC7C00B3AD76 /* URLChangingView.swift */,
				205417CF2524D20200B3AD76 /* VisualEffectView.swift */,
			);
			path = Views;
			sourceTree = "<group>";
		};
		209B1851251B870C00D84963 /* Models */ = {
			isa = PBXGroup;
			children = (
				20AE948425247443005701B7 /* AppContext.swift */,
				205C980925249EB20010D891 /* ResponseProperty.swift */,
				20AE948D2524749A005701B7 /* TableRowModel.swift */,
				20AE948A25247486005701B7 /* TableRowModelState.swift */,
			);
			path = Models;
			sourceTree = "<group>";
		};
		20BFD5852518A3E400547C66 = {
			isa = PBXGroup;
			children = (
				20BFD5902518A3E400547C66 /* VSS GraphQL Demo */,
				20BFD58F2518A3E400547C66 /* Products */,
			);
			sourceTree = "<group>";
		};
		20BFD58F2518A3E400547C66 /* Products */ = {
			isa = PBXGroup;
			children = (
				20BFD58E2518A3E400547C66 /* VSS GraphQL Demo.app */,
			);
			name = Products;
			sourceTree = "<group>";
		};
		20BFD5902518A3E400547C66 /* VSS GraphQL Demo */ = {
			isa = PBXGroup;
			children = (
				205C981225249FDA0010D891 /* Assets */,
				205C981025249FC70010D891 /* Extensions */,
				209B1851251B870C00D84963 /* Models */,
				205C98172524A0540010D891 /* Views */,
				20BFD5912518A3E400547C66 /* App.swift */,
			);
			path = "VSS GraphQL Demo";
			sourceTree = "<group>";
		};
		20BFD5972518A3E500547C66 /* Preview Content */ = {
			isa = PBXGroup;
			children = (
				20BFD5982518A3E500547C66 /* Preview Assets.xcassets */,
			);
			path = "Preview Content";
			sourceTree = "<group>";
		};
/* End PBXGroup section */

/* Begin PBXNativeTarget section */
		20BFD58D2518A3E400547C66 /* VSS GraphQL Demo */ = {
			isa = PBXNativeTarget;
			buildConfigurationList = 20BFD59D2518A3E500547C66 /* Build configuration list for PBXNativeTarget "VSS GraphQL Demo" */;
			buildPhases = (
				20BFD58A2518A3E400547C66 /* Sources */,
				20BFD58B2518A3E400547C66 /* Frameworks */,
				20BFD58C2518A3E400547C66 /* Resources */,
			);
			buildRules = (
			);
			dependencies = (
			);
			name = "VSS GraphQL Demo";
			packageProductDependencies = (
				203A7F1C254049800006DA51 /* VSSGraphQLClient */,
			);
			productName = "hm-vss-client-demo";
			productReference = 20BFD58E2518A3E400547C66 /* VSS GraphQL Demo.app */;
			productType = "com.apple.product-type.application";
		};
/* End PBXNativeTarget section */

/* Begin PBXProject section */
		20BFD5862518A3E400547C66 /* Project object */ = {
			isa = PBXProject;
			attributes = {
				LastSwiftUpdateCheck = 1200;
				LastUpgradeCheck = 1200;
				TargetAttributes = {
					20BFD58D2518A3E400547C66 = {
						CreatedOnToolsVersion = 12.0;
					};
				};
			};
			buildConfigurationList = 20BFD5892518A3E400547C66 /* Build configuration list for PBXProject "VSS GraphQL Demo" */;
			compatibilityVersion = "Xcode 9.3";
			developmentRegion = en;
			hasScannedForEncodings = 0;
			knownRegions = (
				en,
				Base,
			);
			mainGroup = 20BFD5852518A3E400547C66;
			packageReferences = (
				203A7F1B254049800006DA51 /* XCRemoteSwiftPackageReference "hm-vss-graphql-client-swift" */,
			);
			productRefGroup = 20BFD58F2518A3E400547C66 /* Products */;
			projectDirPath = "";
			projectRoot = "";
			targets = (
				20BFD58D2518A3E400547C66 /* VSS GraphQL Demo */,
			);
		};
/* End PBXProject section */

/* Begin PBXResourcesBuildPhase section */
		20BFD58C2518A3E400547C66 /* Resources */ = {
			isa = PBXResourcesBuildPhase;
			buildActionMask = 2147483647;
			files = (
				20BFD5992518A3E500547C66 /* Preview Assets.xcassets in Resources */,
				20BFD5962518A3E500547C66 /* Assets.xcassets in Resources */,
			);
			runOnlyForDeploymentPostprocessing = 0;
		};
/* End PBXResourcesBuildPhase section */

/* Begin PBXSourcesBuildPhase section */
		20BFD58A2518A3E400547C66 /* Sources */ = {
			isa = PBXSourcesBuildPhase;
			buildActionMask = 2147483647;
			files = (
				20AE94932524753A005701B7 /* MainView.swift in Sources */,
				20AE948525247443005701B7 /* AppContext.swift in Sources */,
				205417CC2524CC7C00B3AD76 /* URLChangingView.swift in Sources */,
				205C980A25249EB20010D891 /* ResponseProperty.swift in Sources */,
				205C981A2524A0670010D891 /* MainTable.swift in Sources */,
				205C981D2524A0910010D891 /* MenuButton.swift in Sources */,
				205C98232524A0B80010D891 /* TableRow.swift in Sources */,
				205417D02524D20200B3AD76 /* VisualEffectView.swift in Sources */,
				20AE948B25247486005701B7 /* TableRowModelState.swift in Sources */,
				20AE949A25247581005701B7 /* Color+Extensions.swift in Sources */,
				205C98202524A0A20010D891 /* SendButton.swift in Sources */,
				20BFD5922518A3E400547C66 /* App.swift in Sources */,
				20AE948E2524749A005701B7 /* TableRowModel.swift in Sources */,
			);
			runOnlyForDeploymentPostprocessing = 0;
		};
/* End PBXSourcesBuildPhase section */

/* Begin XCBuildConfiguration section */
		20BFD59B2518A3E500547C66 /* Debug */ = {
			isa = XCBuildConfiguration;
			buildSettings = {
				ALWAYS_SEARCH_USER_PATHS = NO;
				CLANG_ANALYZER_NONNULL = YES;
				CLANG_ANALYZER_NUMBER_OBJECT_CONVERSION = YES_AGGRESSIVE;
				CLANG_CXX_LANGUAGE_STANDARD = "gnu++14";
				CLANG_CXX_LIBRARY = "libc++";
				CLANG_ENABLE_MODULES = YES;
				CLANG_ENABLE_OBJC_ARC = YES;
				CLANG_ENABLE_OBJC_WEAK = YES;
				CLANG_WARN_BLOCK_CAPTURE_AUTORELEASING = YES;
				CLANG_WARN_BOOL_CONVERSION = YES;
				CLANG_WARN_COMMA = YES;
				CLANG_WARN_CONSTANT_CONVERSION = YES;
				CLANG_WARN_DEPRECATED_OBJC_IMPLEMENTATIONS = YES;
				CLANG_WARN_DIRECT_OBJC_ISA_USAGE = YES_ERROR;
				CLANG_WARN_DOCUMENTATION_COMMENTS = YES;
				CLANG_WARN_EMPTY_BODY = YES;
				CLANG_WARN_ENUM_CONVERSION = YES;
				CLANG_WARN_INFINITE_RECURSION = YES;
				CLANG_WARN_INT_CONVERSION = YES;
				CLANG_WARN_NON_LITERAL_NULL_CONVERSION = YES;
				CLANG_WARN_OBJC_IMPLICIT_RETAIN_SELF = YES;
				CLANG_WARN_OBJC_LITERAL_CONVERSION = YES;
				CLANG_WARN_OBJC_ROOT_CLASS = YES_ERROR;
				CLANG_WARN_QUOTED_INCLUDE_IN_FRAMEWORK_HEADER = YES;
				CLANG_WARN_RANGE_LOOP_ANALYSIS = YES;
				CLANG_WARN_STRICT_PROTOTYPES = YES;
				CLANG_WARN_SUSPICIOUS_MOVE = YES;
				CLANG_WARN_UNGUARDED_AVAILABILITY = YES_AGGRESSIVE;
				CLANG_WARN_UNREACHABLE_CODE = YES;
				CLANG_WARN__DUPLICATE_METHOD_MATCH = YES;
				COPY_PHASE_STRIP = NO;
				DEBUG_INFORMATION_FORMAT = dwarf;
				ENABLE_STRICT_OBJC_MSGSEND = YES;
				ENABLE_TESTABILITY = YES;
				GCC_C_LANGUAGE_STANDARD = gnu11;
				GCC_DYNAMIC_NO_PIC = NO;
				GCC_NO_COMMON_BLOCKS = YES;
				GCC_OPTIMIZATION_LEVEL = 0;
				GCC_PREPROCESSOR_DEFINITIONS = (
					"DEBUG=1",
					"$(inherited)",
				);
				GCC_WARN_64_TO_32_BIT_CONVERSION = YES;
				GCC_WARN_ABOUT_RETURN_TYPE = YES_ERROR;
				GCC_WARN_UNDECLARED_SELECTOR = YES;
				GCC_WARN_UNINITIALIZED_AUTOS = YES_AGGRESSIVE;
				GCC_WARN_UNUSED_FUNCTION = YES;
				GCC_WARN_UNUSED_VARIABLE = YES;
				IPHONEOS_DEPLOYMENT_TARGET = 14.0;
				MTL_ENABLE_DEBUG_INFO = INCLUDE_SOURCE;
				MTL_FAST_MATH = YES;
				ONLY_ACTIVE_ARCH = YES;
				SDKROOT = iphoneos;
				SWIFT_ACTIVE_COMPILATION_CONDITIONS = DEBUG;
				SWIFT_OPTIMIZATION_LEVEL = "-Onone";
				TARGETED_DEVICE_FAMILY = "1,2";
			};
			name = Debug;
		};
		20BFD59C2518A3E500547C66 /* Release */ = {
			isa = XCBuildConfiguration;
			buildSettings = {
				ALWAYS_SEARCH_USER_PATHS = NO;
				CLANG_ANALYZER_NONNULL = YES;
				CLANG_ANALYZER_NUMBER_OBJECT_CONVERSION = YES_AGGRESSIVE;
				CLANG_CXX_LANGUAGE_STANDARD = "gnu++14";
				CLANG_CXX_LIBRARY = "libc++";
				CLANG_ENABLE_MODULES = YES;
				CLANG_ENABLE_OBJC_ARC = YES;
				CLANG_ENABLE_OBJC_WEAK = YES;
				CLANG_WARN_BLOCK_CAPTURE_AUTORELEASING = YES;
				CLANG_WARN_BOOL_CONVERSION = YES;
				CLANG_WARN_COMMA = YES;
				CLANG_WARN_CONSTANT_CONVERSION = YES;
				CLANG_WARN_DEPRECATED_OBJC_IMPLEMENTATIONS = YES;
				CLANG_WARN_DIRECT_OBJC_ISA_USAGE = YES_ERROR;
				CLANG_WARN_DOCUMENTATION_COMMENTS = YES;
				CLANG_WARN_EMPTY_BODY = YES;
				CLANG_WARN_ENUM_CONVERSION = YES;
				CLANG_WARN_INFINITE_RECURSION = YES;
				CLANG_WARN_INT_CONVERSION = YES;
				CLANG_WARN_NON_LITERAL_NULL_CONVERSION = YES;
				CLANG_WARN_OBJC_IMPLICIT_RETAIN_SELF = YES;
				CLANG_WARN_OBJC_LITERAL_CONVERSION = YES;
				CLANG_WARN_OBJC_ROOT_CLASS = YES_ERROR;
				CLANG_WARN_QUOTED_INCLUDE_IN_FRAMEWORK_HEADER = YES;
				CLANG_WARN_RANGE_LOOP_ANALYSIS = YES;
				CLANG_WARN_STRICT_PROTOTYPES = YES;
				CLANG_WARN_SUSPICIOUS_MOVE = YES;
				CLANG_WARN_UNGUARDED_AVAILABILITY = YES_AGGRESSIVE;
				CLANG_WARN_UNREACHABLE_CODE = YES;
				CLANG_WARN__DUPLICATE_METHOD_MATCH = YES;
				COPY_PHASE_STRIP = NO;
				DEBUG_INFORMATION_FORMAT = "dwarf-with-dsym";
				ENABLE_NS_ASSERTIONS = NO;
				ENABLE_STRICT_OBJC_MSGSEND = YES;
				GCC_C_LANGUAGE_STANDARD = gnu11;
				GCC_NO_COMMON_BLOCKS = YES;
				GCC_WARN_64_TO_32_BIT_CONVERSION = YES;
				GCC_WARN_ABOUT_RETURN_TYPE = YES_ERROR;
				GCC_WARN_UNDECLARED_SELECTOR = YES;
				GCC_WARN_UNINITIALIZED_AUTOS = YES_AGGRESSIVE;
				GCC_WARN_UNUSED_FUNCTION = YES;
				GCC_WARN_UNUSED_VARIABLE = YES;
				IPHONEOS_DEPLOYMENT_TARGET = 14.0;
				MTL_ENABLE_DEBUG_INFO = NO;
				MTL_FAST_MATH = YES;
				SDKROOT = iphoneos;
				SWIFT_COMPILATION_MODE = wholemodule;
				SWIFT_OPTIMIZATION_LEVEL = "-O";
				TARGETED_DEVICE_FAMILY = "1,2";
				VALIDATE_PRODUCT = YES;
			};
			name = Release;
		};
		20BFD59E2518A3E500547C66 /* Debug */ = {
			isa = XCBuildConfiguration;
			buildSettings = {
				ASSETCATALOG_COMPILER_APPICON_NAME = AppIcon;
				ASSETCATALOG_COMPILER_GLOBAL_ACCENT_COLOR_NAME = AccentColor;
				CODE_SIGN_ENTITLEMENTS = "VSS GraphQL Demo/Assets/VSS GraphQL Demo.entitlements";
				CODE_SIGN_STYLE = Automatic;
				DEVELOPMENT_ASSET_PATHS = "\"VSS GraphQL Demo/Assets/Preview Content\"";
				DEVELOPMENT_TEAM = F42CFRE556;
				ENABLE_PREVIEWS = YES;
				INFOPLIST_FILE = "VSS GraphQL Demo/Assets/Info.plist";
				IPHONEOS_DEPLOYMENT_TARGET = 14.0;
				LD_RUNPATH_SEARCH_PATHS = (
					"$(inherited)",
					"@executable_path/Frameworks",
				);
				PRODUCT_BUNDLE_IDENTIFIER = "HM.hm-vss-client-demo";
				PRODUCT_NAME = "$(TARGET_NAME)";
				SUPPORTS_MACCATALYST = NO;
				SWIFT_VERSION = 5.0;
				TARGETED_DEVICE_FAMILY = "1,2";
			};
			name = Debug;
		};
		20BFD59F2518A3E500547C66 /* Release */ = {
			isa = XCBuildConfiguration;
			buildSettings = {
				ASSETCATALOG_COMPILER_APPICON_NAME = AppIcon;
				ASSETCATALOG_COMPILER_GLOBAL_ACCENT_COLOR_NAME = AccentColor;
				CODE_SIGN_ENTITLEMENTS = "VSS GraphQL Demo/Assets/VSS GraphQL Demo.entitlements";
				CODE_SIGN_STYLE = Automatic;
				DEVELOPMENT_ASSET_PATHS = "\"VSS GraphQL Demo/Assets/Preview Content\"";
				DEVELOPMENT_TEAM = F42CFRE556;
				ENABLE_PREVIEWS = YES;
				INFOPLIST_FILE = "VSS GraphQL Demo/Assets/Info.plist";
				IPHONEOS_DEPLOYMENT_TARGET = 14.0;
				LD_RUNPATH_SEARCH_PATHS = (
					"$(inherited)",
					"@executable_path/Frameworks",
				);
				PRODUCT_BUNDLE_IDENTIFIER = "HM.hm-vss-client-demo";
				PRODUCT_NAME = "$(TARGET_NAME)";
				SUPPORTS_MACCATALYST = NO;
				SWIFT_VERSION = 5.0;
				TARGETED_DEVICE_FAMILY = "1,2";
			};
			name = Release;
		};
/* End XCBuildConfiguration section */

/* Begin XCConfigurationList section */
		20BFD5892518A3E400547C66 /* Build configuration list for PBXProject "VSS GraphQL Demo" */ = {
			isa = XCConfigurationList;
			buildConfigurations = (
				20BFD59B2518A3E500547C66 /* Debug */,
				20BFD59C2518A3E500547C66 /* Release */,
			);
			defaultConfigurationIsVisible = 0;
			defaultConfigurationName = Release;
		};
		20BFD59D2518A3E500547C66 /* Build configuration list for PBXNativeTarget "VSS GraphQL Demo" */ = {
			isa = XCConfigurationList;
			buildConfigurations = (
				20BFD59E2518A3E500547C66 /* Debug */,
				20BFD59F2518A3E500547C66 /* Release */,
			);
			defaultConfigurationIsVisible = 0;
			defaultConfigurationName = Release;
		};
/* End XCConfigurationList section */

/* Begin XCRemoteSwiftPackageReference section */
		203A7F1B254049800006DA51 /* XCRemoteSwiftPackageReference "hm-vss-graphql-client-swift" */ = {
			isa = XCRemoteSwiftPackageReference;
			repositoryURL = "file:///Users/mikk/Desktop/Workspace.nosync/Source/hm-vss-graphql-client-swift";
			requirement = {
				branch = master;
				kind = branch;
			};
		};
/* End XCRemoteSwiftPackageReference section */

/* Begin XCSwiftPackageProductDependency section */
		203A7F1C254049800006DA51 /* VSSGraphQLClient */ = {
			isa = XCSwiftPackageProductDependency;
			package = 203A7F1B254049800006DA51 /* XCRemoteSwiftPackageReference "hm-vss-graphql-client-swift" */;
			productName = VSSGraphQLClient;
		};
/* End XCSwiftPackageProductDependency section */
	};
	rootObject = 20BFD5862518A3E400547C66 /* Project object */;
}
